
Microsoft Visual Studio Solution File, Format Version 12.00
Project("{FAE04EC0-301F-11D3-BF4B-00C04F79EFBC}") = "CartelStore", "CartelStore\CartelStore.csproj", "{BAF82C8F-63B5-4174-8D94-89E2A0E8E078}"
EndProject
Global
	GlobalSection(SolutionConfigurationPlatforms) = preSolution
		Debug|Any CPU = Debug|Any CPU
		Release|Any CPU = Release|Any CPU
	EndGlobalSection
	GlobalSection(ProjectConfigurationPlatforms) = postSolution
		{BAF82C8F-63B5-4174-8D94-89E2A0E8E078}.Debug|Any CPU.ActiveCfg = Debug|Any CPU
		{BAF82C8F-63B5-4174-8D94-89E2A0E8E078}.Debug|Any CPU.Build.0 = Debug|Any CPU
		{BAF82C8F-63B5-4174-8D94-89E2A0E8E078}.Release|Any CPU.ActiveCfg = Release|Any CPU
		{BAF82C8F-63B5-4174-8D94-89E2A0E8E078}.Release|Any CPU.Build.0 = Release|Any CPU
	EndGlobalSection
EndGlobal
